// !$*UTF8*$!
{
	archiveVersion = 1;
	classes = {
	};
	objectVersion = 50;
	objects = {

/* Begin PBXBuildFile section */
		314FCB0325A4589200C503B2 /* CardView.swift in Sources */ = {isa = PBXBuildFile; fileRef = 314FCB0225A4589200C503B2 /* CardView.swift */; };
		314FCB0925A462D500C503B2 /* DetailView.swift in Sources */ = {isa = PBXBuildFile; fileRef = 314FCB0825A462D500C503B2 /* DetailView.swift */; };
		3183529625A338E10068873E /* Card.swift in Sources */ = {isa = PBXBuildFile; fileRef = 3183529525A338E10068873E /* Card.swift */; };
		3183529925A339530068873E /* CarouselViewModel.swift in Sources */ = {isa = PBXBuildFile; fileRef = 3183529825A339530068873E /* CarouselViewModel.swift */; };
		318D963325A3283100859F45 /* CarouselSliderHeroAnimationApp.swift in Sources */ = {isa = PBXBuildFile; fileRef = 318D963225A3283100859F45 /* CarouselSliderHeroAnimationApp.swift */; };
		318D963525A3283100859F45 /* ContentView.swift in Sources */ = {isa = PBXBuildFile; fileRef = 318D963425A3283100859F45 /* ContentView.swift */; };
		318D963725A3283200859F45 /* Assets.xcassets in Resources */ = {isa = PBXBuildFile; fileRef = 318D963625A3283200859F45 /* Assets.xcassets */; };
		318D963A25A3283200859F45 /* Preview Assets.xcassets in Resources */ = {isa = PBXBuildFile; fileRef = 318D963925A3283200859F45 /* Preview Assets.xcassets */; };
		318D964625A328DC00859F45 /* Home.swift in Sources */ = {isa = PBXBuildFile; fileRef = 318D964525A328DC00859F45 /* Home.swift */; };
/* End PBXBuildFile section */

/* Begin PBXFileReference section */
		314FCB0225A4589200C503B2 /* CardView.swift */ = {isa = PBXFileReference; lastKnownFileType = sourcecode.swift; path = CardView.swift; sourceTree = "<group>"; };
		314FCB0825A462D500C503B2 /* DetailView.swift */ = {isa = PBXFileReference; lastKnownFileType = sourcecode.swift; path = DetailView.swift; sourceTree = "<group>"; };
		3183529525A338E10068873E /* Card.swift */ = {isa = PBXFileReference; lastKnownFileType = sourcecode.swift; path = Card.swift; sourceTree = "<group>"; };
		3183529825A339530068873E /* CarouselViewModel.swift */ = {isa = PBXFileReference; lastKnownFileType = sourcecode.swift; path = CarouselViewModel.swift; sourceTree = "<group>"; };
		318D962F25A3283100859F45 /* CarouselSliderHeroAnimation.app */ = {isa = PBXFileReference; explicitFileType = wrapper.application; includeInIndex = 0; path = CarouselSliderHeroAnimation.app; sourceTree = BUILT_PRODUCTS_DIR; };
		318D963225A3283100859F45 /* CarouselSliderHeroAnimationApp.swift */ = {isa = PBXFileReference; lastKnownFileType = sourcecode.swift; path = CarouselSliderHeroAnimationApp.swift; sourceTree = "<group>"; };
		318D963425A3283100859F45 /* ContentView.swift */ = {isa = PBXFileReference; lastKnownFileType = sourcecode.swift; path = ContentView.swift; sourceTree = "<group>"; };
		318D963625A3283200859F45 /* Assets.xcassets */ = {isa = PBXFileReference; lastKnownFileType = folder.assetcatalog; path = Assets.xcassets; sourceTree = "<group>"; };
		318D963925A3283200859F45 /* Preview Assets.xcassets */ = {isa = PBXFileReference; lastKnownFileType = folder.assetcatalog; path = "Preview Assets.xcassets"; sourceTree = "<group>"; };
		318D963B25A3283200859F45 /* Info.plist */ = {isa = PBXFileReference; lastKnownFileType = text.plist.xml; path = Info.plist; sourceTree = "<group>"; };
		318D964525A328DC00859F45 /* Home.swift */ = {isa = PBXFileReference; lastKnownFileType = sourcecode.swift; path = Home.swift; sourceTree = "<group>"; };
/* End PBXFileReference section */

/* Begin PBXFrameworksBuildPhase section */
		318D962C25A3283000859F45 /* Frameworks */ = {
			isa = PBXFrameworksBuildPhase;
			buildActionMask = 2147483647;
			files = (
			);
			runOnlyForDeploymentPostprocessing = 0;
		};
/* End PBXFrameworksBuildPhase section */

/* Begin PBXGroup section */
		318D962625A3283000859F45 = {
			isa = PBXGroup;
			children = (
				318D963125A3283100859F45 /* CarouselSliderHeroAnimation */,
				318D963025A3283100859F45 /* Products */,
			);
			sourceTree = "<group>";
		};
		318D963025A3283100859F45 /* Products */ = {
			isa = PBXGroup;
			children = (
				318D962F25A3283100859F45 /* CarouselSliderHeroAnimation.app */,
			);
			name = Products;
			sourceTree = "<group>";
		};
		318D963125A3283100859F45 /* CarouselSliderHeroAnimation */ = {
			isa = PBXGroup;
			children = (
				318D963225A3283100859F45 /* CarouselSliderHeroAnimationApp.swift */,
				318D963425A3283100859F45 /* ContentView.swift */,
				318D964225A3285100859F45 /* ViewModel */,
				318D964325A3287200859F45 /* Model */,
				318D964425A3288B00859F45 /* View */,
				318D963625A3283200859F45 /* Assets.xcassets */,
				318D963B25A3283200859F45 /* Info.plist */,
				318D963825A3283200859F45 /* Preview Content */,
			);
			path = CarouselSliderHeroAnimation;
			sourceTree = "<group>";
		};
		318D963825A3283200859F45 /* Preview Content */ = {
			isa = PBXGroup;
			children = (
				318D963925A3283200859F45 /* Preview Assets.xcassets */,
			);
			path = "Preview Content";
			sourceTree = "<group>";
		};
		318D964225A3285100859F45 /* ViewModel */ = {
			isa = PBXGroup;
			children = (
				3183529825A339530068873E /* CarouselViewModel.swift */,
			);
			path = ViewModel;
			sourceTree = "<group>";
		};
		318D964325A3287200859F45 /* Model */ = {
			isa = PBXGroup;
			children = (
				3183529525A338E10068873E /* Card.swift */,
			);
			path = Model;
			sourceTree = "<group>";
		};
		318D964425A3288B00859F45 /* View */ = {
			isa = PBXGroup;
			children = (
				318D964525A328DC00859F45 /* Home.swift */,
				314FCB0225A4589200C503B2 /* CardView.swift */,
				314FCB0825A462D500C503B2 /* DetailView.swift */,
			);
			path = View;
			sourceTree = "<group>";
		};
/* End PBXGroup section */

/* Begin PBXNativeTarget section */
		318D962E25A3283000859F45 /* CarouselSliderHeroAnimation */ = {
			isa = PBXNativeTarget;
			buildConfigurationList = 318D963E25A3283200859F45 /* Build configuration list for PBXNativeTarget "CarouselSliderHeroAnimation" */;
			buildPhases = (
				318D962B25A3283000859F45 /* Sources */,
				318D962C25A3283000859F45 /* Frameworks */,
				318D962D25A3283000859F45 /* Resources */,
			);
			buildRules = (
			);
			dependencies = (
			);
			name = CarouselSliderHeroAnimation;
			productName = CarouselSliderHeroAnimation;
			productReference = 318D962F25A3283100859F45 /* CarouselSliderHeroAnimation.app */;
			productType = "com.apple.product-type.application";
		};
/* End PBXNativeTarget section */

/* Begin PBXProject section */
		318D962725A3283000859F45 /* Project object */ = {
			isa = PBXProject;
			attributes = {
				LastSwiftUpdateCheck = 1230;
				LastUpgradeCheck = 1230;
				TargetAttributes = {
					318D962E25A3283000859F45 = {
						CreatedOnToolsVersion = 12.3;
					};
				};
			};
			buildConfigurationList = 318D962A25A3283000859F45 /* Build configuration list for PBXProject "CarouselSliderHeroAnimation" */;
			compatibilityVersion = "Xcode 9.3";
			developmentRegion = en;
			hasScannedForEncodings = 0;
			knownRegions = (
				en,
				Base,
			);
			mainGroup = 318D962625A3283000859F45;
			productRefGroup = 318D963025A3283100859F45 /* Products */;
			projectDirPath = "";
			projectRoot = "";
			targets = (
				318D962E25A3283000859F45 /* CarouselSliderHeroAnimation */,
			);
		};
/* End PBXProject section */

/* Begin PBXResourcesBuildPhase section */
		318D962D25A3283000859F45 /* Resources */ = {
			isa = PBXResourcesBuildPhase;
			buildActionMask = 2147483647;
			files = (
				318D963A25A3283200859F45 /* Preview Assets.xcassets in Resources */,
				318D963725A3283200859F45 /* Assets.xcassets in Resources */,
			);
			runOnlyForDeploymentPostprocessing = 0;
		};
/* End PBXResourcesBuildPhase section */

/* Begin PBXSourcesBuildPhase section */
		318D962B25A3283000859F45 /* Sources */ = {
			isa = PBXSourcesBuildPhase;
			buildActionMask = 2147483647;
			files = (
				318D963525A3283100859F45 /* ContentView.swift in Sources */,
				318D964625A328DC00859F45 /* Home.swift in Sources */,
				318D963325A3283100859F45 /* CarouselSliderHeroAnimationApp.swift in Sources */,
				314FCB0925A462D500C503B2 /* DetailView.swift in Sources */,
				3183529925A339530068873E /* CarouselViewModel.swift in Sources */,
				314FCB0325A4589200C503B2 /* CardView.swift in Sources */,
				3183529625A338E10068873E /* Card.swift in Sources */,
			);
			runOnlyForDeploymentPostprocessing = 0;
		};
/* End PBXSourcesBuildPhase section */

/* Begin XCBuildConfiguration section */
		318D963C25A3283200859F45 /* Debug */ = {
			isa = XCBuildConfiguration;
			buildSettings = {
				ALWAYS_SEARCH_USER_PATHS = NO;
				CLANG_ANALYZER_NONNULL = YES;
				CLANG_ANALYZER_NUMBER_OBJECT_CONVERSION = YES_AGGRESSIVE;
				CLANG_CXX_LANGUAGE_STANDARD = "gnu++14";
				CLANG_CXX_LIBRARY = "libc++";
				CLANG_ENABLE_MODULES = YES;
				CLANG_ENABLE_OBJC_ARC = YES;
				CLANG_ENABLE_OBJC_WEAK = YES;
				CLANG_WARN_BLOCK_CAPTURE_AUTORELEASING = YES;
				CLANG_WARN_BOOL_CONVERSION = YES;
				CLANG_WARN_COMMA = YES;
				CLANG_WARN_CONSTANT_CONVERSION = YES;
				CLANG_WARN_DEPRECATED_OBJC_IMPLEMENTATIONS = YES;
				CLANG_WARN_DIRECT_OBJC_ISA_USAGE = YES_ERROR;
				CLANG_WARN_DOCUMENTATION_COMMENTS = YES;
				CLANG_WARN_EMPTY_BODY = YES;
				CLANG_WARN_ENUM_CONVERSION = YES;
				CLANG_WARN_INFINITE_RECURSION = YES;
				CLANG_WARN_INT_CONVERSION = YES;
				CLANG_WARN_NON_LITERAL_NULL_CONVERSION = YES;
				CLANG_WARN_OBJC_IMPLICIT_RETAIN_SELF = YES;
				CLANG_WARN_OBJC_LITERAL_CONVERSION = YES;
				CLANG_WARN_OBJC_ROOT_CLASS = YES_ERROR;
				CLANG_WARN_QUOTED_INCLUDE_IN_FRAMEWORK_HEADER = YES;
				CLANG_WARN_RANGE_LOOP_ANALYSIS = YES;
				CLANG_WARN_STRICT_PROTOTYPES = YES;
				CLANG_WARN_SUSPICIOUS_MOVE = YES;
				CLANG_WARN_UNGUARDED_AVAILABILITY = YES_AGGRESSIVE;
				CLANG_WARN_UNREACHABLE_CODE = YES;
				CLANG_WARN__DUPLICATE_METHOD_MATCH = YES;
				COPY_PHASE_STRIP = NO;
				DEBUG_INFORMATION_FORMAT = dwarf;
				ENABLE_STRICT_OBJC_MSGSEND = YES;
				ENABLE_TESTABILITY = YES;
				GCC_C_LANGUAGE_STANDARD = gnu11;
				GCC_DYNAMIC_NO_PIC = NO;
				GCC_NO_COMMON_BLOCKS = YES;
				GCC_OPTIMIZATION_LEVEL = 0;
				GCC_PREPROCESSOR_DEFINITIONS = (
					"DEBUG=1",
					"$(inherited)",
				);
				GCC_WARN_64_TO_32_BIT_CONVERSION = YES;
				GCC_WARN_ABOUT_RETURN_TYPE = YES_ERROR;
				GCC_WARN_UNDECLARED_SELECTOR = YES;
				GCC_WARN_UNINITIALIZED_AUTOS = YES_AGGRESSIVE;
				GCC_WARN_UNUSED_FUNCTION = YES;
				GCC_WARN_UNUSED_VARIABLE = YES;
				IPHONEOS_DEPLOYMENT_TARGET = 14.3;
				MTL_ENABLE_DEBUG_INFO = INCLUDE_SOURCE;
				MTL_FAST_MATH = YES;
				ONLY_ACTIVE_ARCH = YES;
				SDKROOT = iphoneos;
				SWIFT_ACTIVE_COMPILATION_CONDITIONS = DEBUG;
				SWIFT_OPTIMIZATION_LEVEL = "-Onone";
			};
			name = Debug;
		};
		318D963D25A3283200859F45 /* Release */ = {
			isa = XCBuildConfiguration;
			buildSettings = {
				ALWAYS_SEARCH_USER_PATHS = NO;
				CLANG_ANALYZER_NONNULL = YES;
				CLANG_ANALYZER_NUMBER_OBJECT_CONVERSION = YES_AGGRESSIVE;
				CLANG_CXX_LANGUAGE_STANDARD = "gnu++14";
				CLANG_CXX_LIBRARY = "libc++";
				CLANG_ENABLE_MODULES = YES;
				CLANG_ENABLE_OBJC_ARC = YES;
				CLANG_ENABLE_OBJC_WEAK = YES;
				CLANG_WARN_BLOCK_CAPTURE_AUTORELEASING = YES;
				CLANG_WARN_BOOL_CONVERSION = YES;
				CLANG_WARN_COMMA = YES;
				CLANG_WARN_CONSTANT_CONVERSION = YES;
				CLANG_WARN_DEPRECATED_OBJC_IMPLEMENTATIONS = YES;
				CLANG_WARN_DIRECT_OBJC_ISA_USAGE = YES_ERROR;
				CLANG_WARN_DOCUMENTATION_COMMENTS = YES;
				CLANG_WARN_EMPTY_BODY = YES;
				CLANG_WARN_ENUM_CONVERSION = YES;
				CLANG_WARN_INFINITE_RECURSION = YES;
				CLANG_WARN_INT_CONVERSION = YES;
				CLANG_WARN_NON_LITERAL_NULL_CONVERSION = YES;
				CLANG_WARN_OBJC_IMPLICIT_RETAIN_SELF = YES;
				CLANG_WARN_OBJC_LITERAL_CONVERSION = YES;
				CLANG_WARN_OBJC_ROOT_CLASS = YES_ERROR;
				CLANG_WARN_QUOTED_INCLUDE_IN_FRAMEWORK_HEADER = YES;
				CLANG_WARN_RANGE_LOOP_ANALYSIS = YES;
				CLANG_WARN_STRICT_PROTOTYPES = YES;
				CLANG_WARN_SUSPICIOUS_MOVE = YES;
				CLANG_WARN_UNGUARDED_AVAILABILITY = YES_AGGRESSIVE;
				CLANG_WARN_UNREACHABLE_CODE = YES;
				CLANG_WARN__DUPLICATE_METHOD_MATCH = YES;
				COPY_PHASE_STRIP = NO;
				DEBUG_INFORMATION_FORMAT = "dwarf-with-dsym";
				ENABLE_NS_ASSERTIONS = NO;
				ENABLE_STRICT_OBJC_MSGSEND = YES;
				GCC_C_LANGUAGE_STANDARD = gnu11;
				GCC_NO_COMMON_BLOCKS = YES;
				GCC_WARN_64_TO_32_BIT_CONVERSION = YES;
				GCC_WARN_ABOUT_RETURN_TYPE = YES_ERROR;
				GCC_WARN_UNDECLARED_SELECTOR = YES;
				GCC_WARN_UNINITIALIZED_AUTOS = YES_AGGRESSIVE;
				GCC_WARN_UNUSED_FUNCTION = YES;
				GCC_WARN_UNUSED_VARIABLE = YES;
				IPHONEOS_DEPLOYMENT_TARGET = 14.3;
				MTL_ENABLE_DEBUG_INFO = NO;
				MTL_FAST_MATH = YES;
				SDKROOT = iphoneos;
				SWIFT_COMPILATION_MODE = wholemodule;
				SWIFT_OPTIMIZATION_LEVEL = "-O";
				VALIDATE_PRODUCT = YES;
			};
			name = Release;
		};
		318D963F25A3283200859F45 /* Debug */ = {
			isa = XCBuildConfiguration;
			buildSettings = {
				ASSETCATALOG_COMPILER_APPICON_NAME = AppIcon;
				ASSETCATALOG_COMPILER_GLOBAL_ACCENT_COLOR_NAME = AccentColor;
				CODE_SIGN_STYLE = Automatic;
				DEVELOPMENT_ASSET_PATHS = "\"CarouselSliderHeroAnimation/Preview Content\"";
				DEVELOPMENT_TEAM = L79F55H896;
				ENABLE_PREVIEWS = YES;
				INFOPLIST_FILE = CarouselSliderHeroAnimation/Info.plist;
				IPHONEOS_DEPLOYMENT_TARGET = 14.0;
				LD_RUNPATH_SEARCH_PATHS = (
					"$(inherited)",
					"@executable_path/Frameworks",
				);
				PRODUCT_BUNDLE_IDENTIFIER = TestCorps.CarouselSliderHeroAnimation;
				PRODUCT_NAME = "$(TARGET_NAME)";
				SWIFT_VERSION = 5.0;
				TARGETED_DEVICE_FAMILY = "1,2";
			};
			name = Debug;
		};
		318D964025A3283200859F45 /* Release */ = {
			isa = XCBuildConfiguration;
			buildSettings = {
				ASSETCATALOG_COMPILER_APPICON_NAME = AppIcon;
				ASSETCATALOG_COMPILER_GLOBAL_ACCENT_COLOR_NAME = AccentColor;
				CODE_SIGN_STYLE = Automatic;
				DEVELOPMENT_ASSET_PATHS = "\"CarouselSliderHeroAnimation/Preview Content\"";
				DEVELOPMENT_TEAM = L79F55H896;
				ENABLE_PREVIEWS = YES;
				INFOPLIST_FILE = CarouselSliderHeroAnimation/Info.plist;
				IPHONEOS_DEPLOYMENT_TARGET = 14.0;
				LD_RUNPATH_SEARCH_PATHS = (
					"$(inherited)",
					"@executable_path/Frameworks",
				);
				PRODUCT_BUNDLE_IDENTIFIER = TestCorps.CarouselSliderHeroAnimation;
				PRODUCT_NAME = "$(TARGET_NAME)";
				SWIFT_VERSION = 5.0;
				TARGETED_DEVICE_FAMILY = "1,2";
			};
			name = Release;
		};
/* End XCBuildConfiguration section */

/* Begin XCConfigurationList section */
		318D962A25A3283000859F45 /* Build configuration list for PBXProject "CarouselSliderHeroAnimation" */ = {
			isa = XCConfigurationList;
			buildConfigurations = (
				318D963C25A3283200859F45 /* Debug */,
				318D963D25A3283200859F45 /* Release */,
			);
			defaultConfigurationIsVisible = 0;
			defaultConfigurationName = Release;
		};
		318D963E25A3283200859F45 /* Build configuration list for PBXNativeTarget "CarouselSliderHeroAnimation" */ = {
			isa = XCConfigurationList;
			buildConfigurations = (
				318D963F25A3283200859F45 /* Debug */,
				318D964025A3283200859F45 /* Release */,
			);
			defaultConfigurationIsVisible = 0;
			defaultConfigurationName = Release;
		};
/* End XCConfigurationList section */
	};
	rootObject = 318D962725A3283000859F45 /* Project object */;
}
