// !$*UTF8*$!
{
	archiveVersion = 1;
	classes = {
	};
	objectVersion = 50;
	objects = {

/* Begin PBXBuildFile section */
		31685D0C25AEC478003D4C38 /* BakeryAppApp.swift in Sources */ = {isa = PBXBuildFile; fileRef = 31685D0B25AEC478003D4C38 /* BakeryAppApp.swift */; };
		31685D0E25AEC478003D4C38 /* ContentView.swift in Sources */ = {isa = PBXBuildFile; fileRef = 31685D0D25AEC478003D4C38 /* ContentView.swift */; };
		31685D1025AEC47A003D4C38 /* Assets.xcassets in Resources */ = {isa = PBXBuildFile; fileRef = 31685D0F25AEC47A003D4C38 /* Assets.xcassets */; };
		31685D1325AEC47A003D4C38 /* Preview Assets.xcassets in Resources */ = {isa = PBXBuildFile; fileRef = 31685D1225AEC47A003D4C38 /* Preview Assets.xcassets */; };
		31685D1F25AEC4BD003D4C38 /* Home.swift in Sources */ = {isa = PBXBuildFile; fileRef = 31685D1E25AEC4BD003D4C38 /* Home.swift */; };
		31685D2325AEC544003D4C38 /* Food.swift in Sources */ = {isa = PBXBuildFile; fileRef = 31685D2225AEC544003D4C38 /* Food.swift */; };
		31685D2725AEE13E003D4C38 /* CardView.swift in Sources */ = {isa = PBXBuildFile; fileRef = 31685D2625AEE13E003D4C38 /* CardView.swift */; };
		3186836225B006FA00708F39 /* HeaderView.swift in Sources */ = {isa = PBXBuildFile; fileRef = 3186836125B006FA00708F39 /* HeaderView.swift */; };
		3186836525B009B900708F39 /* Tab.swift in Sources */ = {isa = PBXBuildFile; fileRef = 3186836425B009B900708F39 /* Tab.swift */; };
		3186836825B0278700708F39 /* HomeViewModel.swift in Sources */ = {isa = PBXBuildFile; fileRef = 3186836725B0278700708F39 /* HomeViewModel.swift */; };
/* End PBXBuildFile section */

/* Begin PBXFileReference section */
		31685D0825AEC478003D4C38 /* BakeryApp.app */ = {isa = PBXFileReference; explicitFileType = wrapper.application; includeInIndex = 0; path = BakeryApp.app; sourceTree = BUILT_PRODUCTS_DIR; };
		31685D0B25AEC478003D4C38 /* BakeryAppApp.swift */ = {isa = PBXFileReference; lastKnownFileType = sourcecode.swift; path = BakeryAppApp.swift; sourceTree = "<group>"; };
		31685D0D25AEC478003D4C38 /* ContentView.swift */ = {isa = PBXFileReference; lastKnownFileType = sourcecode.swift; path = ContentView.swift; sourceTree = "<group>"; };
		31685D0F25AEC47A003D4C38 /* Assets.xcassets */ = {isa = PBXFileReference; lastKnownFileType = folder.assetcatalog; path = Assets.xcassets; sourceTree = "<group>"; };
		31685D1225AEC47A003D4C38 /* Preview Assets.xcassets */ = {isa = PBXFileReference; lastKnownFileType = folder.assetcatalog; path = "Preview Assets.xcassets"; sourceTree = "<group>"; };
		31685D1425AEC47A003D4C38 /* Info.plist */ = {isa = PBXFileReference; lastKnownFileType = text.plist.xml; path = Info.plist; sourceTree = "<group>"; };
		31685D1E25AEC4BD003D4C38 /* Home.swift */ = {isa = PBXFileReference; lastKnownFileType = sourcecode.swift; path = Home.swift; sourceTree = "<group>"; };
		31685D2225AEC544003D4C38 /* Food.swift */ = {isa = PBXFileReference; lastKnownFileType = sourcecode.swift; path = Food.swift; sourceTree = "<group>"; };
		31685D2625AEE13E003D4C38 /* CardView.swift */ = {isa = PBXFileReference; lastKnownFileType = sourcecode.swift; path = CardView.swift; sourceTree = "<group>"; };
		3186836125B006FA00708F39 /* HeaderView.swift */ = {isa = PBXFileReference; lastKnownFileType = sourcecode.swift; path = HeaderView.swift; sourceTree = "<group>"; };
		3186836425B009B900708F39 /* Tab.swift */ = {isa = PBXFileReference; lastKnownFileType = sourcecode.swift; path = Tab.swift; sourceTree = "<group>"; };
		3186836725B0278700708F39 /* HomeViewModel.swift */ = {isa = PBXFileReference; lastKnownFileType = sourcecode.swift; path = HomeViewModel.swift; sourceTree = "<group>"; };
/* End PBXFileReference section */

/* Begin PBXFrameworksBuildPhase section */
		31685D0525AEC478003D4C38 /* Frameworks */ = {
			isa = PBXFrameworksBuildPhase;
			buildActionMask = 2147483647;
			files = (
			);
			runOnlyForDeploymentPostprocessing = 0;
		};
/* End PBXFrameworksBuildPhase section */

/* Begin PBXGroup section */
		31685CFF25AEC478003D4C38 = {
			isa = PBXGroup;
			children = (
				31685D0A25AEC478003D4C38 /* BakeryApp */,
				31685D0925AEC478003D4C38 /* Products */,
			);
			sourceTree = "<group>";
		};
		31685D0925AEC478003D4C38 /* Products */ = {
			isa = PBXGroup;
			children = (
				31685D0825AEC478003D4C38 /* BakeryApp.app */,
			);
			name = Products;
			sourceTree = "<group>";
		};
		31685D0A25AEC478003D4C38 /* BakeryApp */ = {
			isa = PBXGroup;
			children = (
				31685D1D25AEC4AA003D4C38 /* ViewModel */,
				31685D1B25AEC48F003D4C38 /* Model */,
				31685D1C25AEC49C003D4C38 /* View */,
				31685D0B25AEC478003D4C38 /* BakeryAppApp.swift */,
				31685D0D25AEC478003D4C38 /* ContentView.swift */,
				31685D0F25AEC47A003D4C38 /* Assets.xcassets */,
				31685D1425AEC47A003D4C38 /* Info.plist */,
				31685D1125AEC47A003D4C38 /* Preview Content */,
			);
			path = BakeryApp;
			sourceTree = "<group>";
		};
		31685D1125AEC47A003D4C38 /* Preview Content */ = {
			isa = PBXGroup;
			children = (
				31685D1225AEC47A003D4C38 /* Preview Assets.xcassets */,
			);
			path = "Preview Content";
			sourceTree = "<group>";
		};
		31685D1B25AEC48F003D4C38 /* Model */ = {
			isa = PBXGroup;
			children = (
				31685D2225AEC544003D4C38 /* Food.swift */,
				3186836425B009B900708F39 /* Tab.swift */,
			);
			path = Model;
			sourceTree = "<group>";
		};
		31685D1C25AEC49C003D4C38 /* View */ = {
			isa = PBXGroup;
			children = (
				31685D1E25AEC4BD003D4C38 /* Home.swift */,
				31685D2625AEE13E003D4C38 /* CardView.swift */,
				3186836125B006FA00708F39 /* HeaderView.swift */,
			);
			path = View;
			sourceTree = "<group>";
		};
		31685D1D25AEC4AA003D4C38 /* ViewModel */ = {
			isa = PBXGroup;
			children = (
				3186836725B0278700708F39 /* HomeViewModel.swift */,
			);
			path = ViewModel;
			sourceTree = "<group>";
		};
/* End PBXGroup section */

/* Begin PBXNativeTarget section */
		31685D0725AEC478003D4C38 /* BakeryApp */ = {
			isa = PBXNativeTarget;
			buildConfigurationList = 31685D1725AEC47A003D4C38 /* Build configuration list for PBXNativeTarget "BakeryApp" */;
			buildPhases = (
				31685D0425AEC478003D4C38 /* Sources */,
				31685D0525AEC478003D4C38 /* Frameworks */,
				31685D0625AEC478003D4C38 /* Resources */,
			);
			buildRules = (
			);
			dependencies = (
			);
			name = BakeryApp;
			productName = BakeryApp;
			productReference = 31685D0825AEC478003D4C38 /* BakeryApp.app */;
			productType = "com.apple.product-type.application";
		};
/* End PBXNativeTarget section */

/* Begin PBXProject section */
		31685D0025AEC478003D4C38 /* Project object */ = {
			isa = PBXProject;
			attributes = {
				LastSwiftUpdateCheck = 1230;
				LastUpgradeCheck = 1230;
				TargetAttributes = {
					31685D0725AEC478003D4C38 = {
						CreatedOnToolsVersion = 12.3;
					};
				};
			};
			buildConfigurationList = 31685D0325AEC478003D4C38 /* Build configuration list for PBXProject "BakeryApp" */;
			compatibilityVersion = "Xcode 9.3";
			developmentRegion = en;
			hasScannedForEncodings = 0;
			knownRegions = (
				en,
				Base,
			);
			mainGroup = 31685CFF25AEC478003D4C38;
			productRefGroup = 31685D0925AEC478003D4C38 /* Products */;
			projectDirPath = "";
			projectRoot = "";
			targets = (
				31685D0725AEC478003D4C38 /* BakeryApp */,
			);
		};
/* End PBXProject section */

/* Begin PBXResourcesBuildPhase section */
		31685D0625AEC478003D4C38 /* Resources */ = {
			isa = PBXResourcesBuildPhase;
			buildActionMask = 2147483647;
			files = (
				31685D1325AEC47A003D4C38 /* Preview Assets.xcassets in Resources */,
				31685D1025AEC47A003D4C38 /* Assets.xcassets in Resources */,
			);
			runOnlyForDeploymentPostprocessing = 0;
		};
/* End PBXResourcesBuildPhase section */

/* Begin PBXSourcesBuildPhase section */
		31685D0425AEC478003D4C38 /* Sources */ = {
			isa = PBXSourcesBuildPhase;
			buildActionMask = 2147483647;
			files = (
				31685D0E25AEC478003D4C38 /* ContentView.swift in Sources */,
				3186836225B006FA00708F39 /* HeaderView.swift in Sources */,
				31685D2325AEC544003D4C38 /* Food.swift in Sources */,
				3186836825B0278700708F39 /* HomeViewModel.swift in Sources */,
				31685D1F25AEC4BD003D4C38 /* Home.swift in Sources */,
				31685D0C25AEC478003D4C38 /* BakeryAppApp.swift in Sources */,
				31685D2725AEE13E003D4C38 /* CardView.swift in Sources */,
				3186836525B009B900708F39 /* Tab.swift in Sources */,
			);
			runOnlyForDeploymentPostprocessing = 0;
		};
/* End PBXSourcesBuildPhase section */

/* Begin XCBuildConfiguration section */
		31685D1525AEC47A003D4C38 /* Debug */ = {
			isa = XCBuildConfiguration;
			buildSettings = {
				ALWAYS_SEARCH_USER_PATHS = NO;
				CLANG_ANALYZER_NONNULL = YES;
				CLANG_ANALYZER_NUMBER_OBJECT_CONVERSION = YES_AGGRESSIVE;
				CLANG_CXX_LANGUAGE_STANDARD = "gnu++14";
				CLANG_CXX_LIBRARY = "libc++";
				CLANG_ENABLE_MODULES = YES;
				CLANG_ENABLE_OBJC_ARC = YES;
				CLANG_ENABLE_OBJC_WEAK = YES;
				CLANG_WARN_BLOCK_CAPTURE_AUTORELEASING = YES;
				CLANG_WARN_BOOL_CONVERSION = YES;
				CLANG_WARN_COMMA = YES;
				CLANG_WARN_CONSTANT_CONVERSION = YES;
				CLANG_WARN_DEPRECATED_OBJC_IMPLEMENTATIONS = YES;
				CLANG_WARN_DIRECT_OBJC_ISA_USAGE = YES_ERROR;
				CLANG_WARN_DOCUMENTATION_COMMENTS = YES;
				CLANG_WARN_EMPTY_BODY = YES;
				CLANG_WARN_ENUM_CONVERSION = YES;
				CLANG_WARN_INFINITE_RECURSION = YES;
				CLANG_WARN_INT_CONVERSION = YES;
				CLANG_WARN_NON_LITERAL_NULL_CONVERSION = YES;
				CLANG_WARN_OBJC_IMPLICIT_RETAIN_SELF = YES;
				CLANG_WARN_OBJC_LITERAL_CONVERSION = YES;
				CLANG_WARN_OBJC_ROOT_CLASS = YES_ERROR;
				CLANG_WARN_QUOTED_INCLUDE_IN_FRAMEWORK_HEADER = YES;
				CLANG_WARN_RANGE_LOOP_ANALYSIS = YES;
				CLANG_WARN_STRICT_PROTOTYPES = YES;
				CLANG_WARN_SUSPICIOUS_MOVE = YES;
				CLANG_WARN_UNGUARDED_AVAILABILITY = YES_AGGRESSIVE;
				CLANG_WARN_UNREACHABLE_CODE = YES;
				CLANG_WARN__DUPLICATE_METHOD_MATCH = YES;
				COPY_PHASE_STRIP = NO;
				DEBUG_INFORMATION_FORMAT = dwarf;
				ENABLE_STRICT_OBJC_MSGSEND = YES;
				ENABLE_TESTABILITY = YES;
				GCC_C_LANGUAGE_STANDARD = gnu11;
				GCC_DYNAMIC_NO_PIC = NO;
				GCC_NO_COMMON_BLOCKS = YES;
				GCC_OPTIMIZATION_LEVEL = 0;
				GCC_PREPROCESSOR_DEFINITIONS = (
					"DEBUG=1",
					"$(inherited)",
				);
				GCC_WARN_64_TO_32_BIT_CONVERSION = YES;
				GCC_WARN_ABOUT_RETURN_TYPE = YES_ERROR;
				GCC_WARN_UNDECLARED_SELECTOR = YES;
				GCC_WARN_UNINITIALIZED_AUTOS = YES_AGGRESSIVE;
				GCC_WARN_UNUSED_FUNCTION = YES;
				GCC_WARN_UNUSED_VARIABLE = YES;
				IPHONEOS_DEPLOYMENT_TARGET = 14.3;
				MTL_ENABLE_DEBUG_INFO = INCLUDE_SOURCE;
				MTL_FAST_MATH = YES;
				ONLY_ACTIVE_ARCH = YES;
				SDKROOT = iphoneos;
				SWIFT_ACTIVE_COMPILATION_CONDITIONS = DEBUG;
				SWIFT_OPTIMIZATION_LEVEL = "-Onone";
			};
			name = Debug;
		};
		31685D1625AEC47A003D4C38 /* Release */ = {
			isa = XCBuildConfiguration;
			buildSettings = {
				ALWAYS_SEARCH_USER_PATHS = NO;
				CLANG_ANALYZER_NONNULL = YES;
				CLANG_ANALYZER_NUMBER_OBJECT_CONVERSION = YES_AGGRESSIVE;
				CLANG_CXX_LANGUAGE_STANDARD = "gnu++14";
				CLANG_CXX_LIBRARY = "libc++";
				CLANG_ENABLE_MODULES = YES;
				CLANG_ENABLE_OBJC_ARC = YES;
				CLANG_ENABLE_OBJC_WEAK = YES;
				CLANG_WARN_BLOCK_CAPTURE_AUTORELEASING = YES;
				CLANG_WARN_BOOL_CONVERSION = YES;
				CLANG_WARN_COMMA = YES;
				CLANG_WARN_CONSTANT_CONVERSION = YES;
				CLANG_WARN_DEPRECATED_OBJC_IMPLEMENTATIONS = YES;
				CLANG_WARN_DIRECT_OBJC_ISA_USAGE = YES_ERROR;
				CLANG_WARN_DOCUMENTATION_COMMENTS = YES;
				CLANG_WARN_EMPTY_BODY = YES;
				CLANG_WARN_ENUM_CONVERSION = YES;
				CLANG_WARN_INFINITE_RECURSION = YES;
				CLANG_WARN_INT_CONVERSION = YES;
				CLANG_WARN_NON_LITERAL_NULL_CONVERSION = YES;
				CLANG_WARN_OBJC_IMPLICIT_RETAIN_SELF = YES;
				CLANG_WARN_OBJC_LITERAL_CONVERSION = YES;
				CLANG_WARN_OBJC_ROOT_CLASS = YES_ERROR;
				CLANG_WARN_QUOTED_INCLUDE_IN_FRAMEWORK_HEADER = YES;
				CLANG_WARN_RANGE_LOOP_ANALYSIS = YES;
				CLANG_WARN_STRICT_PROTOTYPES = YES;
				CLANG_WARN_SUSPICIOUS_MOVE = YES;
				CLANG_WARN_UNGUARDED_AVAILABILITY = YES_AGGRESSIVE;
				CLANG_WARN_UNREACHABLE_CODE = YES;
				CLANG_WARN__DUPLICATE_METHOD_MATCH = YES;
				COPY_PHASE_STRIP = NO;
				DEBUG_INFORMATION_FORMAT = "dwarf-with-dsym";
				ENABLE_NS_ASSERTIONS = NO;
				ENABLE_STRICT_OBJC_MSGSEND = YES;
				GCC_C_LANGUAGE_STANDARD = gnu11;
				GCC_NO_COMMON_BLOCKS = YES;
				GCC_WARN_64_TO_32_BIT_CONVERSION = YES;
				GCC_WARN_ABOUT_RETURN_TYPE = YES_ERROR;
				GCC_WARN_UNDECLARED_SELECTOR = YES;
				GCC_WARN_UNINITIALIZED_AUTOS = YES_AGGRESSIVE;
				GCC_WARN_UNUSED_FUNCTION = YES;
				GCC_WARN_UNUSED_VARIABLE = YES;
				IPHONEOS_DEPLOYMENT_TARGET = 14.3;
				MTL_ENABLE_DEBUG_INFO = NO;
				MTL_FAST_MATH = YES;
				SDKROOT = iphoneos;
				SWIFT_COMPILATION_MODE = wholemodule;
				SWIFT_OPTIMIZATION_LEVEL = "-O";
				VALIDATE_PRODUCT = YES;
			};
			name = Release;
		};
		31685D1825AEC47A003D4C38 /* Debug */ = {
			isa = XCBuildConfiguration;
			buildSettings = {
				ASSETCATALOG_COMPILER_APPICON_NAME = AppIcon;
				ASSETCATALOG_COMPILER_GLOBAL_ACCENT_COLOR_NAME = AccentColor;
				CODE_SIGN_STYLE = Automatic;
				DEVELOPMENT_ASSET_PATHS = "\"BakeryApp/Preview Content\"";
				DEVELOPMENT_TEAM = L79F55H896;
				ENABLE_PREVIEWS = YES;
				INFOPLIST_FILE = BakeryApp/Info.plist;
				IPHONEOS_DEPLOYMENT_TARGET = 14.0;
				LD_RUNPATH_SEARCH_PATHS = (
					"$(inherited)",
					"@executable_path/Frameworks",
				);
				PRODUCT_BUNDLE_IDENTIFIER = TestCorps.BakeryApp;
				PRODUCT_NAME = "$(TARGET_NAME)";
				SWIFT_VERSION = 5.0;
				TARGETED_DEVICE_FAMILY = "1,2";
			};
			name = Debug;
		};
		31685D1925AEC47A003D4C38 /* Release */ = {
			isa = XCBuildConfiguration;
			buildSettings = {
				ASSETCATALOG_COMPILER_APPICON_NAME = AppIcon;
				ASSETCATALOG_COMPILER_GLOBAL_ACCENT_COLOR_NAME = AccentColor;
				CODE_SIGN_STYLE = Automatic;
				DEVELOPMENT_ASSET_PATHS = "\"BakeryApp/Preview Content\"";
				DEVELOPMENT_TEAM = L79F55H896;
				ENABLE_PREVIEWS = YES;
				INFOPLIST_FILE = BakeryApp/Info.plist;
				IPHONEOS_DEPLOYMENT_TARGET = 14.0;
				LD_RUNPATH_SEARCH_PATHS = (
					"$(inherited)",
					"@executable_path/Frameworks",
				);
				PRODUCT_BUNDLE_IDENTIFIER = TestCorps.BakeryApp;
				PRODUCT_NAME = "$(TARGET_NAME)";
				SWIFT_VERSION = 5.0;
				TARGETED_DEVICE_FAMILY = "1,2";
			};
			name = Release;
		};
/* End XCBuildConfiguration section */

/* Begin XCConfigurationList section */
		31685D0325AEC478003D4C38 /* Build configuration list for PBXProject "BakeryApp" */ = {
			isa = XCConfigurationList;
			buildConfigurations = (
				31685D1525AEC47A003D4C38 /* Debug */,
				31685D1625AEC47A003D4C38 /* Release */,
			);
			defaultConfigurationIsVisible = 0;
			defaultConfigurationName = Release;
		};
		31685D1725AEC47A003D4C38 /* Build configuration list for PBXNativeTarget "BakeryApp" */ = {
			isa = XCConfigurationList;
			buildConfigurations = (
				31685D1825AEC47A003D4C38 /* Debug */,
				31685D1925AEC47A003D4C38 /* Release */,
			);
			defaultConfigurationIsVisible = 0;
			defaultConfigurationName = Release;
		};
/* End XCConfigurationList section */
	};
	rootObject = 31685D0025AEC478003D4C38 /* Project object */;
}
